
Microsoft Visual Studio Solution File, Format Version 12.00
# Visual Studio 15
VisualStudioVersion = 15.0.28307.106
MinimumVisualStudioVersion = 10.0.40219.1
Project("{FAE04EC0-301F-11D3-BF4B-00C04F79EFBC}") = "UKLON", "UKLON\UKLON.csproj", "{182F9370-E036-4155-B3BD-4E94972D02BE}"
EndProject
Project("{FAE04EC0-301F-11D3-BF4B-00C04F79EFBC}") = "DAO", "DAL\DAO.csproj", "{0CA0E439-9C42-400F-9CF5-2F76EFE66341}"
EndProject
Project("{FAE04EC0-301F-11D3-BF4B-00C04F79EFBC}") = "BAL", "BAL\BAL.csproj", "{5CA5251E-4F27-4C39-9421-9D3B92617AA4}"
EndProject
Project("{FAE04EC0-301F-11D3-BF4B-00C04F79EFBC}") = "Model", "Model\Model.csproj", "{BD69F1BE-71AD-46DA-8C6D-C71977199651}"
EndProject
Project("{FAE04EC0-301F-11D3-BF4B-00C04F79EFBC}") = "Common", "Common\Common.csproj", "{D3D91900-A896-47D4-9E3B-0EB78507A30E}"
EndProject
Global
	GlobalSection(SolutionConfigurationPlatforms) = preSolution
		Debug|Any CPU = Debug|Any CPU
		Release|Any CPU = Release|Any CPU
	EndGlobalSection
	GlobalSection(ProjectConfigurationPlatforms) = postSolution
		{182F9370-E036-4155-B3BD-4E94972D02BE}.Debug|Any CPU.ActiveCfg = Debug|Any CPU
		{182F9370-E036-4155-B3BD-4E94972D02BE}.Debug|Any CPU.Build.0 = Debug|Any CPU
		{182F9370-E036-4155-B3BD-4E94972D02BE}.Release|Any CPU.ActiveCfg = Release|Any CPU
		{182F9370-E036-4155-B3BD-4E94972D02BE}.Release|Any CPU.Build.0 = Release|Any CPU
		{0CA0E439-9C42-400F-9CF5-2F76EFE66341}.Debug|Any CPU.ActiveCfg = Debug|Any CPU
		{0CA0E439-9C42-400F-9CF5-2F76EFE66341}.Debug|Any CPU.Build.0 = Debug|Any CPU
		{0CA0E439-9C42-400F-9CF5-2F76EFE66341}.Release|Any CPU.ActiveCfg = Release|Any CPU
		{0CA0E439-9C42-400F-9CF5-2F76EFE66341}.Release|Any CPU.Build.0 = Release|Any CPU
		{5CA5251E-4F27-4C39-9421-9D3B92617AA4}.Debug|Any CPU.ActiveCfg = Debug|Any CPU
		{5CA5251E-4F27-4C39-9421-9D3B92617AA4}.Debug|Any CPU.Build.0 = Debug|Any CPU
		{5CA5251E-4F27-4C39-9421-9D3B92617AA4}.Release|Any CPU.ActiveCfg = Release|Any CPU
		{5CA5251E-4F27-4C39-9421-9D3B92617AA4}.Release|Any CPU.Build.0 = Release|Any CPU
		{BD69F1BE-71AD-46DA-8C6D-C71977199651}.Debug|Any CPU.ActiveCfg = Debug|Any CPU
		{BD69F1BE-71AD-46DA-8C6D-C71977199651}.Debug|Any CPU.Build.0 = Debug|Any CPU
		{BD69F1BE-71AD-46DA-8C6D-C71977199651}.Release|Any CPU.ActiveCfg = Release|Any CPU
		{BD69F1BE-71AD-46DA-8C6D-C71977199651}.Release|Any CPU.Build.0 = Release|Any CPU
		{D3D91900-A896-47D4-9E3B-0EB78507A30E}.Debug|Any CPU.ActiveCfg = Debug|Any CPU
		{D3D91900-A896-47D4-9E3B-0EB78507A30E}.Debug|Any CPU.Build.0 = Debug|Any CPU
		{D3D91900-A896-47D4-9E3B-0EB78507A30E}.Release|Any CPU.ActiveCfg = Release|Any CPU
		{D3D91900-A896-47D4-9E3B-0EB78507A30E}.Release|Any CPU.Build.0 = Release|Any CPU
	EndGlobalSection
	GlobalSection(SolutionProperties) = preSolution
		HideSolutionNode = FALSE
	EndGlobalSection
	GlobalSection(ExtensibilityGlobals) = postSolution
		SolutionGuid = {D1C31AB1-D19F-4DBF-B4F6-EB5E3E583F1D}
	EndGlobalSection
EndGlobal
